// !$*UTF8*$!
{
	archiveVersion = 1;
	classes = {
	};
	objectVersion = 50;
	objects = {

/* Begin PBXBuildFile section */
		1A93A351209A8AF10098775A /* AppDelegate.swift in Sources */ = {isa = PBXBuildFile; fileRef = 1A93A350209A8AF10098775A /* AppDelegate.swift */; };
		1A93A353209A8AF10098775A /* ViewController.swift in Sources */ = {isa = PBXBuildFile; fileRef = 1A93A352209A8AF10098775A /* ViewController.swift */; };
		1A93A356209A8AF10098775A /* Main.storyboard in Resources */ = {isa = PBXBuildFile; fileRef = 1A93A354209A8AF10098775A /* Main.storyboard */; };
		1A93A358209A8AF20098775A /* Assets.xcassets in Resources */ = {isa = PBXBuildFile; fileRef = 1A93A357209A8AF20098775A /* Assets.xcassets */; };
		1A93A35B209A8AF20098775A /* LaunchScreen.storyboard in Resources */ = {isa = PBXBuildFile; fileRef = 1A93A359209A8AF20098775A /* LaunchScreen.storyboard */; };
		1A93A366209A8AF20098775A /* Sva_tkyTests.swift in Sources */ = {isa = PBXBuildFile; fileRef = 1A93A365209A8AF20098775A /* Sva_tkyTests.swift */; };
		1A93A371209A8AF20098775A /* Sva_tkyUITests.swift in Sources */ = {isa = PBXBuildFile; fileRef = 1A93A370209A8AF20098775A /* Sva_tkyUITests.swift */; };
		1AAEB4F5209B5E400087F690 /* SvatkyTabView.swift in Sources */ = {isa = PBXBuildFile; fileRef = 1AAEB4F4209B5E400087F690 /* SvatkyTabView.swift */; };
		1AAEB4F7209B762A0087F690 /* Names.swift in Sources */ = {isa = PBXBuildFile; fileRef = 1AAEB4F6209B762A0087F690 /* Names.swift */; };
		1AAEB4F9209DEF650087F690 /* NameNotificationTableViewCell.swift in Sources */ = {isa = PBXBuildFile; fileRef = 1AAEB4F8209DEF650087F690 /* NameNotificationTableViewCell.swift */; };
		1AAEB4FB209E16790087F690 /* Notification.swift in Sources */ = {isa = PBXBuildFile; fileRef = 1AAEB4FA209E16790087F690 /* Notification.swift */; };
		1AAEB4FD209E27680087F690 /* NotificationTableViewController.swift in Sources */ = {isa = PBXBuildFile; fileRef = 1AAEB4FC209E27680087F690 /* NotificationTableViewController.swift */; };
		1AAEB4FF209F4B5A0087F690 /* AddNotificationViewController.swift in Sources */ = {isa = PBXBuildFile; fileRef = 1AAEB4FE209F4B590087F690 /* AddNotificationViewController.swift */; };
/* End PBXBuildFile section */

/* Begin PBXContainerItemProxy section */
		1A93A362209A8AF20098775A /* PBXContainerItemProxy */ = {
			isa = PBXContainerItemProxy;
			containerPortal = 1A93A345209A8AF10098775A /* Project object */;
			proxyType = 1;
			remoteGlobalIDString = 1A93A34C209A8AF10098775A;
			remoteInfo = "Svátky";
		};
		1A93A36D209A8AF20098775A /* PBXContainerItemProxy */ = {
			isa = PBXContainerItemProxy;
			containerPortal = 1A93A345209A8AF10098775A /* Project object */;
			proxyType = 1;
			remoteGlobalIDString = 1A93A34C209A8AF10098775A;
			remoteInfo = "Svátky";
		};
/* End PBXContainerItemProxy section */

/* Begin PBXFileReference section */
		1A93A34D209A8AF10098775A /* Svátky.app */ = {isa = PBXFileReference; explicitFileType = wrapper.application; includeInIndex = 0; path = "Svátky.app"; sourceTree = BUILT_PRODUCTS_DIR; };
		1A93A350209A8AF10098775A /* AppDelegate.swift */ = {isa = PBXFileReference; lastKnownFileType = sourcecode.swift; path = AppDelegate.swift; sourceTree = "<group>"; };
		1A93A352209A8AF10098775A /* ViewController.swift */ = {isa = PBXFileReference; lastKnownFileType = sourcecode.swift; path = ViewController.swift; sourceTree = "<group>"; };
		1A93A355209A8AF10098775A /* Base */ = {isa = PBXFileReference; lastKnownFileType = file.storyboard; name = Base; path = Base.lproj/Main.storyboard; sourceTree = "<group>"; };
		1A93A357209A8AF20098775A /* Assets.xcassets */ = {isa = PBXFileReference; lastKnownFileType = folder.assetcatalog; path = Assets.xcassets; sourceTree = "<group>"; };
		1A93A35A209A8AF20098775A /* Base */ = {isa = PBXFileReference; lastKnownFileType = file.storyboard; name = Base; path = Base.lproj/LaunchScreen.storyboard; sourceTree = "<group>"; };
		1A93A35C209A8AF20098775A /* Info.plist */ = {isa = PBXFileReference; lastKnownFileType = text.plist.xml; path = Info.plist; sourceTree = "<group>"; };
		1A93A361209A8AF20098775A /* SvátkyTests.xctest */ = {isa = PBXFileReference; explicitFileType = wrapper.cfbundle; includeInIndex = 0; path = "SvátkyTests.xctest"; sourceTree = BUILT_PRODUCTS_DIR; };
		1A93A365209A8AF20098775A /* Sva_tkyTests.swift */ = {isa = PBXFileReference; lastKnownFileType = sourcecode.swift; path = Sva_tkyTests.swift; sourceTree = "<group>"; };
		1A93A367209A8AF20098775A /* Info.plist */ = {isa = PBXFileReference; lastKnownFileType = text.plist.xml; path = Info.plist; sourceTree = "<group>"; };
		1A93A36C209A8AF20098775A /* SvátkyUITests.xctest */ = {isa = PBXFileReference; explicitFileType = wrapper.cfbundle; includeInIndex = 0; path = "SvátkyUITests.xctest"; sourceTree = BUILT_PRODUCTS_DIR; };
		1A93A370209A8AF20098775A /* Sva_tkyUITests.swift */ = {isa = PBXFileReference; lastKnownFileType = sourcecode.swift; path = Sva_tkyUITests.swift; sourceTree = "<group>"; };
		1A93A372209A8AF20098775A /* Info.plist */ = {isa = PBXFileReference; lastKnownFileType = text.plist.xml; path = Info.plist; sourceTree = "<group>"; };
		1AAEB4F4209B5E400087F690 /* SvatkyTabView.swift */ = {isa = PBXFileReference; lastKnownFileType = sourcecode.swift; path = SvatkyTabView.swift; sourceTree = "<group>"; };
		1AAEB4F6209B762A0087F690 /* Names.swift */ = {isa = PBXFileReference; lastKnownFileType = sourcecode.swift; path = Names.swift; sourceTree = "<group>"; };
		1AAEB4F8209DEF650087F690 /* NameNotificationTableViewCell.swift */ = {isa = PBXFileReference; lastKnownFileType = sourcecode.swift; path = NameNotificationTableViewCell.swift; sourceTree = "<group>"; };
		1AAEB4FA209E16790087F690 /* Notification.swift */ = {isa = PBXFileReference; lastKnownFileType = sourcecode.swift; path = Notification.swift; sourceTree = "<group>"; };
		1AAEB4FC209E27680087F690 /* NotificationTableViewController.swift */ = {isa = PBXFileReference; lastKnownFileType = sourcecode.swift; path = NotificationTableViewController.swift; sourceTree = "<group>"; };
		1AAEB4FE209F4B590087F690 /* AddNotificationViewController.swift */ = {isa = PBXFileReference; lastKnownFileType = sourcecode.swift; path = AddNotificationViewController.swift; sourceTree = "<group>"; };
/* End PBXFileReference section */

/* Begin PBXFrameworksBuildPhase section */
		1A93A34A209A8AF10098775A /* Frameworks */ = {
			isa = PBXFrameworksBuildPhase;
			buildActionMask = 2147483647;
			files = (
			);
			runOnlyForDeploymentPostprocessing = 0;
		};
		1A93A35E209A8AF20098775A /* Frameworks */ = {
			isa = PBXFrameworksBuildPhase;
			buildActionMask = 2147483647;
			files = (
			);
			runOnlyForDeploymentPostprocessing = 0;
		};
		1A93A369209A8AF20098775A /* Frameworks */ = {
			isa = PBXFrameworksBuildPhase;
			buildActionMask = 2147483647;
			files = (
			);
			runOnlyForDeploymentPostprocessing = 0;
		};
/* End PBXFrameworksBuildPhase section */

/* Begin PBXGroup section */
		1A93A344209A8AF10098775A = {
			isa = PBXGroup;
			children = (
				1A93A34F209A8AF10098775A /* Svátky */,
				1A93A364209A8AF20098775A /* SvátkyTests */,
				1A93A36F209A8AF20098775A /* SvátkyUITests */,
				1A93A34E209A8AF10098775A /* Products */,
			);
			sourceTree = "<group>";
		};
		1A93A34E209A8AF10098775A /* Products */ = {
			isa = PBXGroup;
			children = (
				1A93A34D209A8AF10098775A /* Svátky.app */,
				1A93A361209A8AF20098775A /* SvátkyTests.xctest */,
				1A93A36C209A8AF20098775A /* SvátkyUITests.xctest */,
			);
			name = Products;
			sourceTree = "<group>";
		};
		1A93A34F209A8AF10098775A /* Svátky */ = {
			isa = PBXGroup;
			children = (
				1AAEB50E20A0D6BC0087F690 /* Controller */,
				1AAEB50D20A0D6B50087F690 /* View */,
				1AAEB50C20A0D6AD0087F690 /* Model */,
				1A93A354209A8AF10098775A /* Main.storyboard */,
				1A93A357209A8AF20098775A /* Assets.xcassets */,
				1A93A359209A8AF20098775A /* LaunchScreen.storyboard */,
				1A93A35C209A8AF20098775A /* Info.plist */,
			);
			path = "Svátky";
			sourceTree = "<group>";
		};
		1A93A364209A8AF20098775A /* SvátkyTests */ = {
			isa = PBXGroup;
			children = (
				1A93A365209A8AF20098775A /* Sva_tkyTests.swift */,
				1A93A367209A8AF20098775A /* Info.plist */,
			);
			path = "SvátkyTests";
			sourceTree = "<group>";
		};
		1A93A36F209A8AF20098775A /* SvátkyUITests */ = {
			isa = PBXGroup;
			children = (
				1A93A370209A8AF20098775A /* Sva_tkyUITests.swift */,
				1A93A372209A8AF20098775A /* Info.plist */,
			);
			path = "SvátkyUITests";
			sourceTree = "<group>";
		};
		1AAEB50C20A0D6AD0087F690 /* Model */ = {
			isa = PBXGroup;
			children = (
				1AAEB4F6209B762A0087F690 /* Names.swift */,
				1AAEB4FA209E16790087F690 /* Notification.swift */,
			);
			path = Model;
			sourceTree = "<group>";
		};
		1AAEB50D20A0D6B50087F690 /* View */ = {
			isa = PBXGroup;
			children = (
				1A93A352209A8AF10098775A /* ViewController.swift */,
				1AAEB4F4209B5E400087F690 /* SvatkyTabView.swift */,
				1AAEB4F8209DEF650087F690 /* NameNotificationTableViewCell.swift */,
			);
			path = View;
			sourceTree = "<group>";
		};
		1AAEB50E20A0D6BC0087F690 /* Controller */ = {
			isa = PBXGroup;
			children = (
				1A93A350209A8AF10098775A /* AppDelegate.swift */,
				1AAEB4FC209E27680087F690 /* NotificationTableViewController.swift */,
				1AAEB4FE209F4B590087F690 /* AddNotificationViewController.swift */,
			);
			path = Controller;
			sourceTree = "<group>";
		};
/* End PBXGroup section */

/* Begin PBXNativeTarget section */
		1A93A34C209A8AF10098775A /* Svátky */ = {
			isa = PBXNativeTarget;
			buildConfigurationList = 1A93A375209A8AF20098775A /* Build configuration list for PBXNativeTarget "Svátky" */;
			buildPhases = (
				1A93A349209A8AF10098775A /* Sources */,
				1A93A34A209A8AF10098775A /* Frameworks */,
				1A93A34B209A8AF10098775A /* Resources */,
			);
			buildRules = (
			);
			dependencies = (
			);
			name = "Svátky";
			productName = "Svátky";
			productReference = 1A93A34D209A8AF10098775A /* Svátky.app */;
			productType = "com.apple.product-type.application";
		};
		1A93A360209A8AF20098775A /* SvátkyTests */ = {
			isa = PBXNativeTarget;
			buildConfigurationList = 1A93A378209A8AF20098775A /* Build configuration list for PBXNativeTarget "SvátkyTests" */;
			buildPhases = (
				1A93A35D209A8AF20098775A /* Sources */,
				1A93A35E209A8AF20098775A /* Frameworks */,
				1A93A35F209A8AF20098775A /* Resources */,
			);
			buildRules = (
			);
			dependencies = (
				1A93A363209A8AF20098775A /* PBXTargetDependency */,
			);
			name = "SvátkyTests";
			productName = "SvátkyTests";
			productReference = 1A93A361209A8AF20098775A /* SvátkyTests.xctest */;
			productType = "com.apple.product-type.bundle.unit-test";
		};
		1A93A36B209A8AF20098775A /* SvátkyUITests */ = {
			isa = PBXNativeTarget;
			buildConfigurationList = 1A93A37B209A8AF20098775A /* Build configuration list for PBXNativeTarget "SvátkyUITests" */;
			buildPhases = (
				1A93A368209A8AF20098775A /* Sources */,
				1A93A369209A8AF20098775A /* Frameworks */,
				1A93A36A209A8AF20098775A /* Resources */,
			);
			buildRules = (
			);
			dependencies = (
				1A93A36E209A8AF20098775A /* PBXTargetDependency */,
			);
			name = "SvátkyUITests";
			productName = "SvátkyUITests";
			productReference = 1A93A36C209A8AF20098775A /* SvátkyUITests.xctest */;
			productType = "com.apple.product-type.bundle.ui-testing";
		};
/* End PBXNativeTarget section */

/* Begin PBXProject section */
		1A93A345209A8AF10098775A /* Project object */ = {
			isa = PBXProject;
			attributes = {
				LastSwiftUpdateCheck = 0930;
				LastUpgradeCheck = 0930;
				ORGANIZATIONNAME = "Štěpán Vích";
				TargetAttributes = {
					1A93A34C209A8AF10098775A = {
						CreatedOnToolsVersion = 9.3;
					};
					1A93A360209A8AF20098775A = {
						CreatedOnToolsVersion = 9.3;
						TestTargetID = 1A93A34C209A8AF10098775A;
					};
					1A93A36B209A8AF20098775A = {
						CreatedOnToolsVersion = 9.3;
						TestTargetID = 1A93A34C209A8AF10098775A;
					};
				};
			};
			buildConfigurationList = 1A93A348209A8AF10098775A /* Build configuration list for PBXProject "Svátky" */;
			compatibilityVersion = "Xcode 9.3";
			developmentRegion = en;
			hasScannedForEncodings = 0;
			knownRegions = (
				en,
				Base,
			);
			mainGroup = 1A93A344209A8AF10098775A;
			productRefGroup = 1A93A34E209A8AF10098775A /* Products */;
			projectDirPath = "";
			projectRoot = "";
			targets = (
				1A93A34C209A8AF10098775A /* Svátky */,
				1A93A360209A8AF20098775A /* SvátkyTests */,
				1A93A36B209A8AF20098775A /* SvátkyUITests */,
			);
		};
/* End PBXProject section */

/* Begin PBXResourcesBuildPhase section */
		1A93A34B209A8AF10098775A /* Resources */ = {
			isa = PBXResourcesBuildPhase;
			buildActionMask = 2147483647;
			files = (
				1A93A35B209A8AF20098775A /* LaunchScreen.storyboard in Resources */,
				1A93A358209A8AF20098775A /* Assets.xcassets in Resources */,
				1A93A356209A8AF10098775A /* Main.storyboard in Resources */,
			);
			runOnlyForDeploymentPostprocessing = 0;
		};
		1A93A35F209A8AF20098775A /* Resources */ = {
			isa = PBXResourcesBuildPhase;
			buildActionMask = 2147483647;
			files = (
			);
			runOnlyForDeploymentPostprocessing = 0;
		};
		1A93A36A209A8AF20098775A /* Resources */ = {
			isa = PBXResourcesBuildPhase;
			buildActionMask = 2147483647;
			files = (
			);
			runOnlyForDeploymentPostprocessing = 0;
		};
/* End PBXResourcesBuildPhase section */

/* Begin PBXSourcesBuildPhase section */
		1A93A349209A8AF10098775A /* Sources */ = {
			isa = PBXSourcesBuildPhase;
			buildActionMask = 2147483647;
			files = (
				1AAEB4F9209DEF650087F690 /* NameNotificationTableViewCell.swift in Sources */,
				1AAEB4F5209B5E400087F690 /* SvatkyTabView.swift in Sources */,
				1AAEB4FD209E27680087F690 /* NotificationTableViewController.swift in Sources */,
				1AAEB4FB209E16790087F690 /* Notification.swift in Sources */,
				1A93A353209A8AF10098775A /* ViewController.swift in Sources */,
				1AAEB4FF209F4B5A0087F690 /* AddNotificationViewController.swift in Sources */,
				1AAEB4F7209B762A0087F690 /* Names.swift in Sources */,
				1A93A351209A8AF10098775A /* AppDelegate.swift in Sources */,
			);
			runOnlyForDeploymentPostprocessing = 0;
		};
		1A93A35D209A8AF20098775A /* Sources */ = {
			isa = PBXSourcesBuildPhase;
			buildActionMask = 2147483647;
			files = (
				1A93A366209A8AF20098775A /* Sva_tkyTests.swift in Sources */,
			);
			runOnlyForDeploymentPostprocessing = 0;
		};
		1A93A368209A8AF20098775A /* Sources */ = {
			isa = PBXSourcesBuildPhase;
			buildActionMask = 2147483647;
			files = (
				1A93A371209A8AF20098775A /* Sva_tkyUITests.swift in Sources */,
			);
			runOnlyForDeploymentPostprocessing = 0;
		};
/* End PBXSourcesBuildPhase section */

/* Begin PBXTargetDependency section */
		1A93A363209A8AF20098775A /* PBXTargetDependency */ = {
			isa = PBXTargetDependency;
			target = 1A93A34C209A8AF10098775A /* Svátky */;
			targetProxy = 1A93A362209A8AF20098775A /* PBXContainerItemProxy */;
		};
		1A93A36E209A8AF20098775A /* PBXTargetDependency */ = {
			isa = PBXTargetDependency;
			target = 1A93A34C209A8AF10098775A /* Svátky */;
			targetProxy = 1A93A36D209A8AF20098775A /* PBXContainerItemProxy */;
		};
/* End PBXTargetDependency section */

/* Begin PBXVariantGroup section */
		1A93A354209A8AF10098775A /* Main.storyboard */ = {
			isa = PBXVariantGroup;
			children = (
				1A93A355209A8AF10098775A /* Base */,
			);
			name = Main.storyboard;
			sourceTree = "<group>";
		};
		1A93A359209A8AF20098775A /* LaunchScreen.storyboard */ = {
			isa = PBXVariantGroup;
			children = (
				1A93A35A209A8AF20098775A /* Base */,
			);
			name = LaunchScreen.storyboard;
			sourceTree = "<group>";
		};
/* End PBXVariantGroup section */

/* Begin XCBuildConfiguration section */
		1A93A373209A8AF20098775A /* Debug */ = {
			isa = XCBuildConfiguration;
			buildSettings = {
				ALWAYS_SEARCH_USER_PATHS = NO;
				CLANG_ANALYZER_NONNULL = YES;
				CLANG_ANALYZER_NUMBER_OBJECT_CONVERSION = YES_AGGRESSIVE;
				CLANG_CXX_LANGUAGE_STANDARD = "gnu++14";
				CLANG_CXX_LIBRARY = "libc++";
				CLANG_ENABLE_MODULES = YES;
				CLANG_ENABLE_OBJC_ARC = YES;
				CLANG_ENABLE_OBJC_WEAK = YES;
				CLANG_WARN_BLOCK_CAPTURE_AUTORELEASING = YES;
				CLANG_WARN_BOOL_CONVERSION = YES;
				CLANG_WARN_COMMA = YES;
				CLANG_WARN_CONSTANT_CONVERSION = YES;
				CLANG_WARN_DEPRECATED_OBJC_IMPLEMENTATIONS = YES;
				CLANG_WARN_DIRECT_OBJC_ISA_USAGE = YES_ERROR;
				CLANG_WARN_DOCUMENTATION_COMMENTS = YES;
				CLANG_WARN_EMPTY_BODY = YES;
				CLANG_WARN_ENUM_CONVERSION = YES;
				CLANG_WARN_INFINITE_RECURSION = YES;
				CLANG_WARN_INT_CONVERSION = YES;
				CLANG_WARN_NON_LITERAL_NULL_CONVERSION = YES;
				CLANG_WARN_OBJC_IMPLICIT_RETAIN_SELF = YES;
				CLANG_WARN_OBJC_LITERAL_CONVERSION = YES;
				CLANG_WARN_OBJC_ROOT_CLASS = YES_ERROR;
				CLANG_WARN_RANGE_LOOP_ANALYSIS = YES;
				CLANG_WARN_STRICT_PROTOTYPES = YES;
				CLANG_WARN_SUSPICIOUS_MOVE = YES;
				CLANG_WARN_UNGUARDED_AVAILABILITY = YES_AGGRESSIVE;
				CLANG_WARN_UNREACHABLE_CODE = YES;
				CLANG_WARN__DUPLICATE_METHOD_MATCH = YES;
				CODE_SIGN_IDENTITY = "iPhone Developer";
				COPY_PHASE_STRIP = NO;
				DEBUG_INFORMATION_FORMAT = dwarf;
				ENABLE_STRICT_OBJC_MSGSEND = YES;
				ENABLE_TESTABILITY = YES;
				GCC_C_LANGUAGE_STANDARD = gnu11;
				GCC_DYNAMIC_NO_PIC = NO;
				GCC_NO_COMMON_BLOCKS = YES;
				GCC_OPTIMIZATION_LEVEL = 0;
				GCC_PREPROCESSOR_DEFINITIONS = (
					"DEBUG=1",
					"$(inherited)",
				);
				GCC_WARN_64_TO_32_BIT_CONVERSION = YES;
				GCC_WARN_ABOUT_RETURN_TYPE = YES_ERROR;
				GCC_WARN_UNDECLARED_SELECTOR = YES;
				GCC_WARN_UNINITIALIZED_AUTOS = YES_AGGRESSIVE;
				GCC_WARN_UNUSED_FUNCTION = YES;
				GCC_WARN_UNUSED_VARIABLE = YES;
				IPHONEOS_DEPLOYMENT_TARGET = 11.3;
				MTL_ENABLE_DEBUG_INFO = YES;
				ONLY_ACTIVE_ARCH = YES;
				SDKROOT = iphoneos;
				SWIFT_ACTIVE_COMPILATION_CONDITIONS = DEBUG;
				SWIFT_OPTIMIZATION_LEVEL = "-Onone";
			};
			name = Debug;
		};
		1A93A374209A8AF20098775A /* Release */ = {
			isa = XCBuildConfiguration;
			buildSettings = {
				ALWAYS_SEARCH_USER_PATHS = NO;
				CLANG_ANALYZER_NONNULL = YES;
				CLANG_ANALYZER_NUMBER_OBJECT_CONVERSION = YES_AGGRESSIVE;
				CLANG_CXX_LANGUAGE_STANDARD = "gnu++14";
				CLANG_CXX_LIBRARY = "libc++";
				CLANG_ENABLE_MODULES = YES;
				CLANG_ENABLE_OBJC_ARC = YES;
				CLANG_ENABLE_OBJC_WEAK = YES;
				CLANG_WARN_BLOCK_CAPTURE_AUTORELEASING = YES;
				CLANG_WARN_BOOL_CONVERSION = YES;
				CLANG_WARN_COMMA = YES;
				CLANG_WARN_CONSTANT_CONVERSION = YES;
				CLANG_WARN_DEPRECATED_OBJC_IMPLEMENTATIONS = YES;
				CLANG_WARN_DIRECT_OBJC_ISA_USAGE = YES_ERROR;
				CLANG_WARN_DOCUMENTATION_COMMENTS = YES;
				CLANG_WARN_EMPTY_BODY = YES;
				CLANG_WARN_ENUM_CONVERSION = YES;
				CLANG_WARN_INFINITE_RECURSION = YES;
				CLANG_WARN_INT_CONVERSION = YES;
				CLANG_WARN_NON_LITERAL_NULL_CONVERSION = YES;
				CLANG_WARN_OBJC_IMPLICIT_RETAIN_SELF = YES;
				CLANG_WARN_OBJC_LITERAL_CONVERSION = YES;
				CLANG_WARN_OBJC_ROOT_CLASS = YES_ERROR;
				CLANG_WARN_RANGE_LOOP_ANALYSIS = YES;
				CLANG_WARN_STRICT_PROTOTYPES = YES;
				CLANG_WARN_SUSPICIOUS_MOVE = YES;
				CLANG_WARN_UNGUARDED_AVAILABILITY = YES_AGGRESSIVE;
				CLANG_WARN_UNREACHABLE_CODE = YES;
				CLANG_WARN__DUPLICATE_METHOD_MATCH = YES;
				CODE_SIGN_IDENTITY = "iPhone Developer";
				COPY_PHASE_STRIP = NO;
				DEBUG_INFORMATION_FORMAT = "dwarf-with-dsym";
				ENABLE_NS_ASSERTIONS = NO;
				ENABLE_STRICT_OBJC_MSGSEND = YES;
				GCC_C_LANGUAGE_STANDARD = gnu11;
				GCC_NO_COMMON_BLOCKS = YES;
				GCC_WARN_64_TO_32_BIT_CONVERSION = YES;
				GCC_WARN_ABOUT_RETURN_TYPE = YES_ERROR;
				GCC_WARN_UNDECLARED_SELECTOR = YES;
				GCC_WARN_UNINITIALIZED_AUTOS = YES_AGGRESSIVE;
				GCC_WARN_UNUSED_FUNCTION = YES;
				GCC_WARN_UNUSED_VARIABLE = YES;
				IPHONEOS_DEPLOYMENT_TARGET = 11.3;
				MTL_ENABLE_DEBUG_INFO = NO;
				SDKROOT = iphoneos;
				SWIFT_COMPILATION_MODE = wholemodule;
				SWIFT_OPTIMIZATION_LEVEL = "-O";
				VALIDATE_PRODUCT = YES;
			};
			name = Release;
		};
		1A93A376209A8AF20098775A /* Debug */ = {
			isa = XCBuildConfiguration;
			buildSettings = {
				ASSETCATALOG_COMPILER_APPICON_NAME = AppIcon;
				CODE_SIGN_STYLE = Automatic;
				DEVELOPMENT_TEAM = 4795WB6AX5;
				INFOPLIST_FILE = "Svátky/Info.plist";
				IPHONEOS_DEPLOYMENT_TARGET = 10.0;
				LD_RUNPATH_SEARCH_PATHS = (
					"$(inherited)",
					"@executable_path/Frameworks",
				);
				PRODUCT_BUNDLE_IDENTIFIER = "com.Sva-tky";
				PRODUCT_NAME = "$(TARGET_NAME)";
				SWIFT_VERSION = 4.0;
				TARGETED_DEVICE_FAMILY = "1,2";
			};
			name = Debug;
		};
		1A93A377209A8AF20098775A /* Release */ = {
			isa = XCBuildConfiguration;
			buildSettings = {
				ASSETCATALOG_COMPILER_APPICON_NAME = AppIcon;
				CODE_SIGN_STYLE = Automatic;
				DEVELOPMENT_TEAM = 4795WB6AX5;
				INFOPLIST_FILE = "Svátky/Info.plist";
				IPHONEOS_DEPLOYMENT_TARGET = 10.0;
				LD_RUNPATH_SEARCH_PATHS = (
					"$(inherited)",
					"@executable_path/Frameworks",
				);
				PRODUCT_BUNDLE_IDENTIFIER = "com.Sva-tky";
				PRODUCT_NAME = "$(TARGET_NAME)";
				SWIFT_VERSION = 4.0;
				TARGETED_DEVICE_FAMILY = "1,2";
			};
			name = Release;
		};
		1A93A379209A8AF20098775A /* Debug */ = {
			isa = XCBuildConfiguration;
			buildSettings = {
				ALWAYS_EMBED_SWIFT_STANDARD_LIBRARIES = YES;
				BUNDLE_LOADER = "$(TEST_HOST)";
				CODE_SIGN_STYLE = Automatic;
				DEVELOPMENT_TEAM = 4795WB6AX5;
				INFOPLIST_FILE = "SvátkyTests/Info.plist";
				LD_RUNPATH_SEARCH_PATHS = (
					"$(inherited)",
					"@executable_path/Frameworks",
					"@loader_path/Frameworks",
				);
				PRODUCT_BUNDLE_IDENTIFIER = "com.Sva-tkyTests";
				PRODUCT_NAME = "$(TARGET_NAME)";
				SWIFT_VERSION = 4.0;
				TARGETED_DEVICE_FAMILY = "1,2";
				TEST_HOST = "$(BUILT_PRODUCTS_DIR)/Svátky.app/Svátky";
			};
			name = Debug;
		};
		1A93A37A209A8AF20098775A /* Release */ = {
			isa = XCBuildConfiguration;
			buildSettings = {
				ALWAYS_EMBED_SWIFT_STANDARD_LIBRARIES = YES;
				BUNDLE_LOADER = "$(TEST_HOST)";
				CODE_SIGN_STYLE = Automatic;
				DEVELOPMENT_TEAM = 4795WB6AX5;
				INFOPLIST_FILE = "SvátkyTests/Info.plist";
				LD_RUNPATH_SEARCH_PATHS = (
					"$(inherited)",
					"@executable_path/Frameworks",
					"@loader_path/Frameworks",
				);
				PRODUCT_BUNDLE_IDENTIFIER = "com.Sva-tkyTests";
				PRODUCT_NAME = "$(TARGET_NAME)";
				SWIFT_VERSION = 4.0;
				TARGETED_DEVICE_FAMILY = "1,2";
				TEST_HOST = "$(BUILT_PRODUCTS_DIR)/Svátky.app/Svátky";
			};
			name = Release;
		};
		1A93A37C209A8AF20098775A /* Debug */ = {
			isa = XCBuildConfiguration;
			buildSettings = {
				ALWAYS_EMBED_SWIFT_STANDARD_LIBRARIES = YES;
				CODE_SIGN_STYLE = Automatic;
				DEVELOPMENT_TEAM = 4795WB6AX5;
				INFOPLIST_FILE = "SvátkyUITests/Info.plist";
				LD_RUNPATH_SEARCH_PATHS = (
					"$(inherited)",
					"@executable_path/Frameworks",
					"@loader_path/Frameworks",
				);
				PRODUCT_BUNDLE_IDENTIFIER = "com.Sva-tkyUITests";
				PRODUCT_NAME = "$(TARGET_NAME)";
				SWIFT_VERSION = 4.0;
				TARGETED_DEVICE_FAMILY = "1,2";
				TEST_TARGET_NAME = "Svátky";
			};
			name = Debug;
		};
		1A93A37D209A8AF20098775A /* Release */ = {
			isa = XCBuildConfiguration;
			buildSettings = {
				ALWAYS_EMBED_SWIFT_STANDARD_LIBRARIES = YES;
				CODE_SIGN_STYLE = Automatic;
				DEVELOPMENT_TEAM = 4795WB6AX5;
				INFOPLIST_FILE = "SvátkyUITests/Info.plist";
				LD_RUNPATH_SEARCH_PATHS = (
					"$(inherited)",
					"@executable_path/Frameworks",
					"@loader_path/Frameworks",
				);
				PRODUCT_BUNDLE_IDENTIFIER = "com.Sva-tkyUITests";
				PRODUCT_NAME = "$(TARGET_NAME)";
				SWIFT_VERSION = 4.0;
				TARGETED_DEVICE_FAMILY = "1,2";
				TEST_TARGET_NAME = "Svátky";
			};
			name = Release;
		};
/* End XCBuildConfiguration section */

/* Begin XCConfigurationList section */
		1A93A348209A8AF10098775A /* Build configuration list for PBXProject "Svátky" */ = {
			isa = XCConfigurationList;
			buildConfigurations = (
				1A93A373209A8AF20098775A /* Debug */,
				1A93A374209A8AF20098775A /* Release */,
			);
			defaultConfigurationIsVisible = 0;
			defaultConfigurationName = Release;
		};
		1A93A375209A8AF20098775A /* Build configuration list for PBXNativeTarget "Svátky" */ = {
			isa = XCConfigurationList;
			buildConfigurations = (
				1A93A376209A8AF20098775A /* Debug */,
				1A93A377209A8AF20098775A /* Release */,
			);
			defaultConfigurationIsVisible = 0;
			defaultConfigurationName = Release;
		};
		1A93A378209A8AF20098775A /* Build configuration list for PBXNativeTarget "SvátkyTests" */ = {
			isa = XCConfigurationList;
			buildConfigurations = (
				1A93A379209A8AF20098775A /* Debug */,
				1A93A37A209A8AF20098775A /* Release */,
			);
			defaultConfigurationIsVisible = 0;
			defaultConfigurationName = Release;
		};
		1A93A37B209A8AF20098775A /* Build configuration list for PBXNativeTarget "SvátkyUITests" */ = {
			isa = XCConfigurationList;
			buildConfigurations = (
				1A93A37C209A8AF20098775A /* Debug */,
				1A93A37D209A8AF20098775A /* Release */,
			);
			defaultConfigurationIsVisible = 0;
			defaultConfigurationName = Release;
		};
/* End XCConfigurationList section */
	};
	rootObject = 1A93A345209A8AF10098775A /* Project object */;
}
